Microsoft Visual Studio Solution File, Format Version 12.00
# Visual Studio Version 17
VisualStudioVersion = 17.5.2.0
MinimumVisualStudioVersion = 10.0.40219.1
Project("{FAE04EC0-301F-11D3-BF4B-00C04F79EFBC}") = "PocketCaddy", "PocketCaddy\PocketCaddy.csproj", "{EC734063-3D8F-030F-1703-899BBC1A61F4}"
EndProject
Global
	GlobalSection(SolutionConfigurationPlatforms) = preSolution
		Debug|Any CPU = Debug|Any CPU
		Release|Any CPU = Release|Any CPU
	EndGlobalSection
	GlobalSection(ProjectConfigurationPlatforms) = postSolution
		{EC734063-3D8F-030F-1703-899BBC1A61F4}.Debug|Any CPU.ActiveCfg = Debug|Any CPU
		{EC734063-3D8F-030F-1703-899BBC1A61F4}.Debug|Any CPU.Build.0 = Debug|Any CPU
		{EC734063-3D8F-030F-1703-899BBC1A61F4}.Release|Any CPU.ActiveCfg = Release|Any CPU
		{EC734063-3D8F-030F-1703-899BBC1A61F4}.Release|Any CPU.Build.0 = Release|Any CPU
	EndGlobalSection
	GlobalSection(SolutionProperties) = preSolution
		HideSolutionNode = FALSE
	EndGlobalSection
	GlobalSection(ExtensibilityGlobals) = postSolution
		SolutionGuid = {F7EE8367-F9B8-43D8-8DDB-EC4E2733C69E}
	EndGlobalSection
EndGlobal
